
Microsoft Visual Studio Solution File, Format Version 12.00
# Visual Studio Version 16
VisualStudioVersion = 16.0.30204.135
MinimumVisualStudioVersion = 10.0.40219.1
Project("{FAE04EC0-301F-11D3-BF4B-00C04F79EFBC}") = "ShopAPI", "ShopAPI\ShopAPI.csproj", "{EA88A620-D676-45A0-90FD-9977683AD7CA}"
EndProject
Global
	GlobalSection(SolutionConfigurationPlatforms) = preSolution
		Debug|Any CPU = Debug|Any CPU
		Release|Any CPU = Release|Any CPU
	EndGlobalSection
	GlobalSection(ProjectConfigurationPlatforms) = postSolution
		{EA88A620-D676-45A0-90FD-9977683AD7CA}.Debug|Any CPU.ActiveCfg = Debug|Any CPU
		{EA88A620-D676-45A0-90FD-9977683AD7CA}.Debug|Any CPU.Build.0 = Debug|Any CPU
		{EA88A620-D676-45A0-90FD-9977683AD7CA}.Release|Any CPU.ActiveCfg = Release|Any CPU
		{EA88A620-D676-45A0-90FD-9977683AD7CA}.Release|Any CPU.Build.0 = Release|Any CPU
	EndGlobalSection
	GlobalSection(SolutionProperties) = preSolution
		HideSolutionNode = FALSE
	EndGlobalSection
	GlobalSection(ExtensibilityGlobals) = postSolution
		SolutionGuid = {FA9BF83C-4918-4BC1-A190-60ED48461772}
	EndGlobalSection
EndGlobal
